
Microsoft Visual Studio Solution File, Format Version 12.00
Project("{FAE04EC0-301F-11D3-BF4B-00C04F79EFBC}") = "VotingSystem.DataAccess", "VotingSystem.DataAccess\VotingSystem.DataAccess.csproj", "{A508A2EA-EA3A-4D6E-9084-A3028345C02F}"
EndProject
Project("{FAE04EC0-301F-11D3-BF4B-00C04F79EFBC}") = "VotingSystem.WebAPI", "VotingSystem.WebAPI\VotingSystem.WebAPI.csproj", "{BD91D522-158D-4074-8D29-F701A20B6748}"
EndProject
Project("{FAE04EC0-301F-11D3-BF4B-00C04F79EFBC}") = "VotingSystem.Shared", "VotingSystem.Shared\VotingSystem.Shared.csproj", "{0C56D822-EEB6-40E7-9803-A9BD0ECB7892}"
EndProject
Project("{54A90642-561A-4BB1-A94E-469ADEE60C69}") = "votingsystem.react", "votingsystem.react\votingsystem.react.esproj", "{A0E47EE0-D5AD-4073-961B-AE930FE0A48D}"
EndProject
Project("{FAE04EC0-301F-11D3-BF4B-00C04F79EFBC}") = "VotingSystem.Blazor.WebAssembly", "VotingSystem.Blazor.WebAssembly\VotingSystem.Blazor.WebAssembly.csproj", "{D730FFC5-E781-4CD4-A952-C090C35DC1BE}"
EndProject
Project("{FAE04EC0-301F-11D3-BF4B-00C04F79EFBC}") = "VotingSystem.Tests", "VotingSystem.Tests\VotingSystem.Tests.csproj", "{0130BA9B-2472-4C60-B621-6F4743E1AA33}"
EndProject
Global
	GlobalSection(SolutionConfigurationPlatforms) = preSolution
		Debug|Any CPU = Debug|Any CPU
		Release|Any CPU = Release|Any CPU
	EndGlobalSection
	GlobalSection(ProjectConfigurationPlatforms) = postSolution
		{A508A2EA-EA3A-4D6E-9084-A3028345C02F}.Debug|Any CPU.ActiveCfg = Debug|Any CPU
		{A508A2EA-EA3A-4D6E-9084-A3028345C02F}.Debug|Any CPU.Build.0 = Debug|Any CPU
		{A508A2EA-EA3A-4D6E-9084-A3028345C02F}.Release|Any CPU.ActiveCfg = Release|Any CPU
		{A508A2EA-EA3A-4D6E-9084-A3028345C02F}.Release|Any CPU.Build.0 = Release|Any CPU
		{BD91D522-158D-4074-8D29-F701A20B6748}.Debug|Any CPU.ActiveCfg = Debug|Any CPU
		{BD91D522-158D-4074-8D29-F701A20B6748}.Debug|Any CPU.Build.0 = Debug|Any CPU
		{BD91D522-158D-4074-8D29-F701A20B6748}.Release|Any CPU.ActiveCfg = Release|Any CPU
		{BD91D522-158D-4074-8D29-F701A20B6748}.Release|Any CPU.Build.0 = Release|Any CPU
		{0C56D822-EEB6-40E7-9803-A9BD0ECB7892}.Debug|Any CPU.ActiveCfg = Debug|Any CPU
		{0C56D822-EEB6-40E7-9803-A9BD0ECB7892}.Debug|Any CPU.Build.0 = Debug|Any CPU
		{0C56D822-EEB6-40E7-9803-A9BD0ECB7892}.Release|Any CPU.ActiveCfg = Release|Any CPU
		{0C56D822-EEB6-40E7-9803-A9BD0ECB7892}.Release|Any CPU.Build.0 = Release|Any CPU
		{A0E47EE0-D5AD-4073-961B-AE930FE0A48D}.Debug|Any CPU.ActiveCfg = Debug|Any CPU
		{A0E47EE0-D5AD-4073-961B-AE930FE0A48D}.Debug|Any CPU.Build.0 = Debug|Any CPU
		{A0E47EE0-D5AD-4073-961B-AE930FE0A48D}.Release|Any CPU.ActiveCfg = Debug|Any CPU
		{A0E47EE0-D5AD-4073-961B-AE930FE0A48D}.Release|Any CPU.Build.0 = Debug|Any CPU
		{D730FFC5-E781-4CD4-A952-C090C35DC1BE}.Debug|Any CPU.ActiveCfg = Debug|Any CPU
		{D730FFC5-E781-4CD4-A952-C090C35DC1BE}.Debug|Any CPU.Build.0 = Debug|Any CPU
		{D730FFC5-E781-4CD4-A952-C090C35DC1BE}.Release|Any CPU.ActiveCfg = Release|Any CPU
		{D730FFC5-E781-4CD4-A952-C090C35DC1BE}.Release|Any CPU.Build.0 = Release|Any CPU
		{0130BA9B-2472-4C60-B621-6F4743E1AA33}.Debug|Any CPU.ActiveCfg = Debug|Any CPU
		{0130BA9B-2472-4C60-B621-6F4743E1AA33}.Debug|Any CPU.Build.0 = Debug|Any CPU
		{0130BA9B-2472-4C60-B621-6F4743E1AA33}.Release|Any CPU.ActiveCfg = Release|Any CPU
		{0130BA9B-2472-4C60-B621-6F4743E1AA33}.Release|Any CPU.Build.0 = Release|Any CPU
	EndGlobalSection
EndGlobal
